
Microsoft Visual Studio Solution File, Format Version 12.00
# Visual Studio Version 17
VisualStudioVersion = 17.6.33829.357
MinimumVisualStudioVersion = 10.0.40219.1
Project("{9A19103F-16F7-4668-BE54-9A1E7A4F7556}") = "todoAPP", "todoAPP\todoAPP.csproj", "{D0053183-1845-44EC-A4BA-441BA4E9669E}"
EndProject
Project("{FAE04EC0-301F-11D3-BF4B-00C04F79EFBC}") = "TodoAPP_EnumService", "TodoAPP_EnumService\TodoAPP_EnumService.csproj", "{C054D657-2F78-4397-B59F-4AFB5A6859EE}"
EndProject
Global
	GlobalSection(SolutionConfigurationPlatforms) = preSolution
		Debug|Any CPU = Debug|Any CPU
		Release|Any CPU = Release|Any CPU
	EndGlobalSection
	GlobalSection(ProjectConfigurationPlatforms) = postSolution
		{D0053183-1845-44EC-A4BA-441BA4E9669E}.Debug|Any CPU.ActiveCfg = Debug|Any CPU
		{D0053183-1845-44EC-A4BA-441BA4E9669E}.Debug|Any CPU.Build.0 = Debug|Any CPU
		{D0053183-1845-44EC-A4BA-441BA4E9669E}.Release|Any CPU.ActiveCfg = Release|Any CPU
		{D0053183-1845-44EC-A4BA-441BA4E9669E}.Release|Any CPU.Build.0 = Release|Any CPU
		{C054D657-2F78-4397-B59F-4AFB5A6859EE}.Debug|Any CPU.ActiveCfg = Debug|Any CPU
		{C054D657-2F78-4397-B59F-4AFB5A6859EE}.Debug|Any CPU.Build.0 = Debug|Any CPU
		{C054D657-2F78-4397-B59F-4AFB5A6859EE}.Release|Any CPU.ActiveCfg = Release|Any CPU
		{C054D657-2F78-4397-B59F-4AFB5A6859EE}.Release|Any CPU.Build.0 = Release|Any CPU
	EndGlobalSection
	GlobalSection(SolutionProperties) = preSolution
		HideSolutionNode = FALSE
	EndGlobalSection
	GlobalSection(ExtensibilityGlobals) = postSolution
		SolutionGuid = {405E4836-5D30-4AB4-AF25-F79B04E33CF8}
	EndGlobalSection
EndGlobal
